
Microsoft Visual Studio Solution File, Format Version 12.00
# Visual Studio Version 17
VisualStudioVersion = 17.9.34622.214
MinimumVisualStudioVersion = 10.0.40219.1
Project("{9A19103F-16F7-4668-BE54-9A1E7A4F7556}") = "Task.Hub.Web", "src\Task.Hub.Web\Task.Hub.Web.csproj", "{4D2D34EC-795C-450A-B76F-BDFA85C008E5}"
EndProject
Project("{2150E333-8FDC-42A3-9474-1A3956D46DE8}") = "src", "src", "{FB2F88E5-BD65-4206-86C9-3755BE5D556B}"
EndProject
Project("{9A19103F-16F7-4668-BE54-9A1E7A4F7556}") = "Task.Hub.UseCases", "src\Task.Hub.UseCases\Task.Hub.UseCases.csproj", "{2D4E2B14-D731-4D79-AC5F-FD9EA1104B22}"
EndProject
Project("{9A19103F-16F7-4668-BE54-9A1E7A4F7556}") = "Task.Hub.Core", "src\Task.Hub.Core\Task.Hub.Core.csproj", "{B25EE7A4-33CF-496C-A825-98AA8BFE5204}"
EndProject
Project("{9A19103F-16F7-4668-BE54-9A1E7A4F7556}") = "Task.Hub.Infrastructure", "src\Task.Hub.Infrastructure\Task.Hub.Infrastructure.csproj", "{CE5AE594-0FC3-4511-A2DB-6700FFA988CE}"
EndProject
Project("{2150E333-8FDC-42A3-9474-1A3956D46DE8}") = "tests", "tests", "{DDA4DB60-5861-49C2-A653-554438952FC7}"
EndProject
Project("{FAE04EC0-301F-11D3-BF4B-00C04F79EFBC}") = "Task.Hub.UnitTests", "tests\Task.Hub.UnitTests\Task.Hub.UnitTests.csproj", "{C0495F23-E6C9-47B5-B9D8-FB62F3D9179A}"
EndProject
Global
	GlobalSection(SolutionConfigurationPlatforms) = preSolution
		Debug|Any CPU = Debug|Any CPU
		Release|Any CPU = Release|Any CPU
	EndGlobalSection
	GlobalSection(ProjectConfigurationPlatforms) = postSolution
		{4D2D34EC-795C-450A-B76F-BDFA85C008E5}.Debug|Any CPU.ActiveCfg = Debug|Any CPU
		{4D2D34EC-795C-450A-B76F-BDFA85C008E5}.Debug|Any CPU.Build.0 = Debug|Any CPU
		{4D2D34EC-795C-450A-B76F-BDFA85C008E5}.Release|Any CPU.ActiveCfg = Release|Any CPU
		{4D2D34EC-795C-450A-B76F-BDFA85C008E5}.Release|Any CPU.Build.0 = Release|Any CPU
		{2D4E2B14-D731-4D79-AC5F-FD9EA1104B22}.Debug|Any CPU.ActiveCfg = Debug|Any CPU
		{2D4E2B14-D731-4D79-AC5F-FD9EA1104B22}.Debug|Any CPU.Build.0 = Debug|Any CPU
		{2D4E2B14-D731-4D79-AC5F-FD9EA1104B22}.Release|Any CPU.ActiveCfg = Release|Any CPU
		{2D4E2B14-D731-4D79-AC5F-FD9EA1104B22}.Release|Any CPU.Build.0 = Release|Any CPU
		{B25EE7A4-33CF-496C-A825-98AA8BFE5204}.Debug|Any CPU.ActiveCfg = Debug|Any CPU
		{B25EE7A4-33CF-496C-A825-98AA8BFE5204}.Debug|Any CPU.Build.0 = Debug|Any CPU
		{B25EE7A4-33CF-496C-A825-98AA8BFE5204}.Release|Any CPU.ActiveCfg = Release|Any CPU
		{B25EE7A4-33CF-496C-A825-98AA8BFE5204}.Release|Any CPU.Build.0 = Release|Any CPU
		{CE5AE594-0FC3-4511-A2DB-6700FFA988CE}.Debug|Any CPU.ActiveCfg = Debug|Any CPU
		{CE5AE594-0FC3-4511-A2DB-6700FFA988CE}.Debug|Any CPU.Build.0 = Debug|Any CPU
		{CE5AE594-0FC3-4511-A2DB-6700FFA988CE}.Release|Any CPU.ActiveCfg = Release|Any CPU
		{CE5AE594-0FC3-4511-A2DB-6700FFA988CE}.Release|Any CPU.Build.0 = Release|Any CPU
		{C0495F23-E6C9-47B5-B9D8-FB62F3D9179A}.Debug|Any CPU.ActiveCfg = Debug|Any CPU
		{C0495F23-E6C9-47B5-B9D8-FB62F3D9179A}.Debug|Any CPU.Build.0 = Debug|Any CPU
		{C0495F23-E6C9-47B5-B9D8-FB62F3D9179A}.Release|Any CPU.ActiveCfg = Release|Any CPU
		{C0495F23-E6C9-47B5-B9D8-FB62F3D9179A}.Release|Any CPU.Build.0 = Release|Any CPU
	EndGlobalSection
	GlobalSection(SolutionProperties) = preSolution
		HideSolutionNode = FALSE
	EndGlobalSection
	GlobalSection(NestedProjects) = preSolution
		{4D2D34EC-795C-450A-B76F-BDFA85C008E5} = {FB2F88E5-BD65-4206-86C9-3755BE5D556B}
		{2D4E2B14-D731-4D79-AC5F-FD9EA1104B22} = {FB2F88E5-BD65-4206-86C9-3755BE5D556B}
		{B25EE7A4-33CF-496C-A825-98AA8BFE5204} = {FB2F88E5-BD65-4206-86C9-3755BE5D556B}
		{CE5AE594-0FC3-4511-A2DB-6700FFA988CE} = {FB2F88E5-BD65-4206-86C9-3755BE5D556B}
		{C0495F23-E6C9-47B5-B9D8-FB62F3D9179A} = {DDA4DB60-5861-49C2-A653-554438952FC7}
	EndGlobalSection
	GlobalSection(ExtensibilityGlobals) = postSolution
		SolutionGuid = {4B7D3525-EA85-458A-83E5-BC86385632EB}
	EndGlobalSection
EndGlobal
